
Microsoft Visual Studio Solution File, Format Version 12.00
# Visual Studio 15
VisualStudioVersion = 15.0.28307.1972
MinimumVisualStudioVersion = 10.0.40219.1
Project("{FAE04EC0-301F-11D3-BF4B-00C04F79EFBC}") = "xadrez-console", "xadrez-console\xadrez-console.csproj", "{046F415D-284F-4876-A769-B9DF5CEFDE0D}"
EndProject
Global
	GlobalSection(SolutionConfigurationPlatforms) = preSolution
		Debug|Any CPU = Debug|Any CPU
		Release|Any CPU = Release|Any CPU
	EndGlobalSection
	GlobalSection(ProjectConfigurationPlatforms) = postSolution
		{046F415D-284F-4876-A769-B9DF5CEFDE0D}.Debug|Any CPU.ActiveCfg = Debug|Any CPU
		{046F415D-284F-4876-A769-B9DF5CEFDE0D}.Debug|Any CPU.Build.0 = Debug|Any CPU
		{046F415D-284F-4876-A769-B9DF5CEFDE0D}.Release|Any CPU.ActiveCfg = Release|Any CPU
		{046F415D-284F-4876-A769-B9DF5CEFDE0D}.Release|Any CPU.Build.0 = Release|Any CPU
	EndGlobalSection
	GlobalSection(SolutionProperties) = preSolution
		HideSolutionNode = FALSE
	EndGlobalSection
	GlobalSection(ExtensibilityGlobals) = postSolution
		SolutionGuid = {72809716-8330-4F1C-BC0D-8813A429A6D5}
	EndGlobalSection
EndGlobal
